// !$*UTF8*$!
{
	archiveVersion = 1;
	classes = {
	};
	objectVersion = 77;
	objects = {

/* Begin PBXContainerItemProxy section */
		0C4150D82D6561BB0073DE27 /* PBXContainerItemProxy */ = {
			isa = PBXContainerItemProxy;
			containerPortal = 0C4150BF2D6561B90073DE27 /* Project object */;
			proxyType = 1;
			remoteGlobalIDString = 0C4150C62D6561B90073DE27;
			remoteInfo = TriviaBlasters;
		};
		0C4150E22D6561BB0073DE27 /* PBXContainerItemProxy */ = {
			isa = PBXContainerItemProxy;
			containerPortal = 0C4150BF2D6561B90073DE27 /* Project object */;
			proxyType = 1;
			remoteGlobalIDString = 0C4150C62D6561B90073DE27;
			remoteInfo = TriviaBlasters;
		};
/* End PBXContainerItemProxy section */

/* Begin PBXFileReference section */
		0C4150C72D6561B90073DE27 /* TriviaBlasters.app */ = {isa = PBXFileReference; explicitFileType = wrapper.application; includeInIndex = 0; path = TriviaBlasters.app; sourceTree = BUILT_PRODUCTS_DIR; };
		0C4150D72D6561BB0073DE27 /* TriviaBlastersTests.xctest */ = {isa = PBXFileReference; explicitFileType = wrapper.cfbundle; includeInIndex = 0; path = TriviaBlastersTests.xctest; sourceTree = BUILT_PRODUCTS_DIR; };
		0C4150E12D6561BB0073DE27 /* TriviaBlastersUITests.xctest */ = {isa = PBXFileReference; explicitFileType = wrapper.cfbundle; includeInIndex = 0; path = TriviaBlastersUITests.xctest; sourceTree = BUILT_PRODUCTS_DIR; };
/* End PBXFileReference section */

/* Begin PBXFileSystemSynchronizedBuildFileExceptionSet section */
		0C4151032D656A580073DE27 /* Exceptions for "TriviaBlasters" folder in "TriviaBlasters" target */ = {
			isa = PBXFileSystemSynchronizedBuildFileExceptionSet;
			membershipExceptions = (
				Models/TriviaQuestions.swift,
			);
			target = 0C4150C62D6561B90073DE27 /* TriviaBlasters */;
		};
/* End PBXFileSystemSynchronizedBuildFileExceptionSet section */

/* Begin PBXFileSystemSynchronizedRootGroup section */
		0C4150C92D6561B90073DE27 /* TriviaBlasters */ = {
			isa = PBXFileSystemSynchronizedRootGroup;
			exceptions = (
				0C4151032D656A580073DE27 /* Exceptions for "TriviaBlasters" folder in "TriviaBlasters" target */,
			);
			path = TriviaBlasters;
			sourceTree = "<group>";
		};
		0C4150DA2D6561BB0073DE27 /* TriviaBlastersTests */ = {
			isa = PBXFileSystemSynchronizedRootGroup;
			path = TriviaBlastersTests;
			sourceTree = "<group>";
		};
		0C4150E42D6561BB0073DE27 /* TriviaBlastersUITests */ = {
			isa = PBXFileSystemSynchronizedRootGroup;
			path = TriviaBlastersUITests;
			sourceTree = "<group>";
		};
/* End PBXFileSystemSynchronizedRootGroup section */

/* Begin PBXFrameworksBuildPhase section */
		0C4150C42D6561B90073DE27 /* Frameworks */ = {
			isa = PBXFrameworksBuildPhase;
			buildActionMask = 2147483647;
			files = (
			);
			runOnlyForDeploymentPostprocessing = 0;
		};
		0C4150D42D6561BB0073DE27 /* Frameworks */ = {
			isa = PBXFrameworksBuildPhase;
			buildActionMask = 2147483647;
			files = (
			);
			runOnlyForDeploymentPostprocessing = 0;
		};
		0C4150DE2D6561BB0073DE27 /* Frameworks */ = {
			isa = PBXFrameworksBuildPhase;
			buildActionMask = 2147483647;
			files = (
			);
			runOnlyForDeploymentPostprocessing = 0;
		};
/* End PBXFrameworksBuildPhase section */

/* Begin PBXGroup section */
		0C4150BE2D6561B90073DE27 = {
			isa = PBXGroup;
			children = (
				0C4150C92D6561B90073DE27 /* TriviaBlasters */,
				0C4150DA2D6561BB0073DE27 /* TriviaBlastersTests */,
				0C4150E42D6561BB0073DE27 /* TriviaBlastersUITests */,
				0C4150C82D6561B90073DE27 /* Products */,
			);
			sourceTree = "<group>";
		};
		0C4150C82D6561B90073DE27 /* Products */ = {
			isa = PBXGroup;
			children = (
				0C4150C72D6561B90073DE27 /* TriviaBlasters.app */,
				0C4150D72D6561BB0073DE27 /* TriviaBlastersTests.xctest */,
				0C4150E12D6561BB0073DE27 /* TriviaBlastersUITests.xctest */,
			);
			name = Products;
			sourceTree = "<group>";
		};
/* End PBXGroup section */

/* Begin PBXNativeTarget section */
		0C4150C62D6561B90073DE27 /* TriviaBlasters */ = {
			isa = PBXNativeTarget;
			buildConfigurationList = 0C4150EB2D6561BB0073DE27 /* Build configuration list for PBXNativeTarget "TriviaBlasters" */;
			buildPhases = (
				0C4150C32D6561B90073DE27 /* Sources */,
				0C4150C42D6561B90073DE27 /* Frameworks */,
				0C4150C52D6561B90073DE27 /* Resources */,
			);
			buildRules = (
			);
			dependencies = (
			);
			fileSystemSynchronizedGroups = (
				0C4150C92D6561B90073DE27 /* TriviaBlasters */,
			);
			name = TriviaBlasters;
			packageProductDependencies = (
			);
			productName = TriviaBlasters;
			productReference = 0C4150C72D6561B90073DE27 /* TriviaBlasters.app */;
			productType = "com.apple.product-type.application";
		};
		0C4150D62D6561BB0073DE27 /* TriviaBlastersTests */ = {
			isa = PBXNativeTarget;
			buildConfigurationList = 0C4150EE2D6561BB0073DE27 /* Build configuration list for PBXNativeTarget "TriviaBlastersTests" */;
			buildPhases = (
				0C4150D32D6561BB0073DE27 /* Sources */,
				0C4150D42D6561BB0073DE27 /* Frameworks */,
				0C4150D52D6561BB0073DE27 /* Resources */,
			);
			buildRules = (
			);
			dependencies = (
				0C4150D92D6561BB0073DE27 /* PBXTargetDependency */,
			);
			fileSystemSynchronizedGroups = (
				0C4150DA2D6561BB0073DE27 /* TriviaBlastersTests */,
			);
			name = TriviaBlastersTests;
			packageProductDependencies = (
			);
			productName = TriviaBlastersTests;
			productReference = 0C4150D72D6561BB0073DE27 /* TriviaBlastersTests.xctest */;
			productType = "com.apple.product-type.bundle.unit-test";
		};
		0C4150E02D6561BB0073DE27 /* TriviaBlastersUITests */ = {
			isa = PBXNativeTarget;
			buildConfigurationList = 0C4150F12D6561BB0073DE27 /* Build configuration list for PBXNativeTarget "TriviaBlastersUITests" */;
			buildPhases = (
				0C4150DD2D6561BB0073DE27 /* Sources */,
				0C4150DE2D6561BB0073DE27 /* Frameworks */,
				0C4150DF2D6561BB0073DE27 /* Resources */,
			);
			buildRules = (
			);
			dependencies = (
				0C4150E32D6561BB0073DE27 /* PBXTargetDependency */,
			);
			fileSystemSynchronizedGroups = (
				0C4150E42D6561BB0073DE27 /* TriviaBlastersUITests */,
			);
			name = TriviaBlastersUITests;
			packageProductDependencies = (
			);
			productName = TriviaBlastersUITests;
			productReference = 0C4150E12D6561BB0073DE27 /* TriviaBlastersUITests.xctest */;
			productType = "com.apple.product-type.bundle.ui-testing";
		};
/* End PBXNativeTarget section */

/* Begin PBXProject section */
		0C4150BF2D6561B90073DE27 /* Project object */ = {
			isa = PBXProject;
			attributes = {
				BuildIndependentTargetsInParallel = 1;
				LastSwiftUpdateCheck = 1620;
				LastUpgradeCheck = 1620;
				TargetAttributes = {
					0C4150C62D6561B90073DE27 = {
						CreatedOnToolsVersion = 16.2;
					};
					0C4150D62D6561BB0073DE27 = {
						CreatedOnToolsVersion = 16.2;
						TestTargetID = 0C4150C62D6561B90073DE27;
					};
					0C4150E02D6561BB0073DE27 = {
						CreatedOnToolsVersion = 16.2;
						TestTargetID = 0C4150C62D6561B90073DE27;
					};
				};
			};
			buildConfigurationList = 0C4150C22D6561B90073DE27 /* Build configuration list for PBXProject "TriviaBlasters" */;
			developmentRegion = en;
			hasScannedForEncodings = 0;
			knownRegions = (
				en,
				Base,
			);
			mainGroup = 0C4150BE2D6561B90073DE27;
			minimizedProjectReferenceProxies = 1;
			preferredProjectObjectVersion = 77;
			productRefGroup = 0C4150C82D6561B90073DE27 /* Products */;
			projectDirPath = "";
			projectRoot = "";
			targets = (
				0C4150C62D6561B90073DE27 /* TriviaBlasters */,
				0C4150D62D6561BB0073DE27 /* TriviaBlastersTests */,
				0C4150E02D6561BB0073DE27 /* TriviaBlastersUITests */,
			);
		};
/* End PBXProject section */

/* Begin PBXResourcesBuildPhase section */
		0C4150C52D6561B90073DE27 /* Resources */ = {
			isa = PBXResourcesBuildPhase;
			buildActionMask = 2147483647;
			files = (
			);
			runOnlyForDeploymentPostprocessing = 0;
		};
		0C4150D52D6561BB0073DE27 /* Resources */ = {
			isa = PBXResourcesBuildPhase;
			buildActionMask = 2147483647;
			files = (
			);
			runOnlyForDeploymentPostprocessing = 0;
		};
		0C4150DF2D6561BB0073DE27 /* Resources */ = {
			isa = PBXResourcesBuildPhase;
			buildActionMask = 2147483647;
			files = (
			);
			runOnlyForDeploymentPostprocessing = 0;
		};
/* End PBXResourcesBuildPhase section */

/* Begin PBXSourcesBuildPhase section */
		0C4150C32D6561B90073DE27 /* Sources */ = {
			isa = PBXSourcesBuildPhase;
			buildActionMask = 2147483647;
			files = (
			);
			runOnlyForDeploymentPostprocessing = 0;
		};
		0C4150D32D6561BB0073DE27 /* Sources */ = {
			isa = PBXSourcesBuildPhase;
			buildActionMask = 2147483647;
			files = (
			);
			runOnlyForDeploymentPostprocessing = 0;
		};
		0C4150DD2D6561BB0073DE27 /* Sources */ = {
			isa = PBXSourcesBuildPhase;
			buildActionMask = 2147483647;
			files = (
			);
			runOnlyForDeploymentPostprocessing = 0;
		};
/* End PBXSourcesBuildPhase section */

/* Begin PBXTargetDependency section */
		0C4150D92D6561BB0073DE27 /* PBXTargetDependency */ = {
			isa = PBXTargetDependency;
			target = 0C4150C62D6561B90073DE27 /* TriviaBlasters */;
			targetProxy = 0C4150D82D6561BB0073DE27 /* PBXContainerItemProxy */;
		};
		0C4150E32D6561BB0073DE27 /* PBXTargetDependency */ = {
			isa = PBXTargetDependency;
			target = 0C4150C62D6561B90073DE27 /* TriviaBlasters */;
			targetProxy = 0C4150E22D6561BB0073DE27 /* PBXContainerItemProxy */;
		};
/* End PBXTargetDependency section */

/* Begin XCBuildConfiguration section */
		0C4150E92D6561BB0073DE27 /* Debug */ = {
			isa = XCBuildConfiguration;
			buildSettings = {
				ALWAYS_SEARCH_USER_PATHS = NO;
				ASSETCATALOG_COMPILER_GENERATE_SWIFT_ASSET_SYMBOL_EXTENSIONS = YES;
				CLANG_ANALYZER_NONNULL = YES;
				CLANG_ANALYZER_NUMBER_OBJECT_CONVERSION = YES_AGGRESSIVE;
				CLANG_CXX_LANGUAGE_STANDARD = "gnu++20";
				CLANG_ENABLE_MODULES = YES;
				CLANG_ENABLE_OBJC_ARC = YES;
				CLANG_ENABLE_OBJC_WEAK = YES;
				CLANG_WARN_BLOCK_CAPTURE_AUTORELEASING = YES;
				CLANG_WARN_BOOL_CONVERSION = YES;
				CLANG_WARN_COMMA = YES;
				CLANG_WARN_CONSTANT_CONVERSION = YES;
				CLANG_WARN_DEPRECATED_OBJC_IMPLEMENTATIONS = YES;
				CLANG_WARN_DIRECT_OBJC_ISA_USAGE = YES_ERROR;
				CLANG_WARN_DOCUMENTATION_COMMENTS = YES;
				CLANG_WARN_EMPTY_BODY = YES;
				CLANG_WARN_ENUM_CONVERSION = YES;
				CLANG_WARN_INFINITE_RECURSION = YES;
				CLANG_WARN_INT_CONVERSION = YES;
				CLANG_WARN_NON_LITERAL_NULL_CONVERSION = YES;
				CLANG_WARN_OBJC_IMPLICIT_RETAIN_SELF = YES;
				CLANG_WARN_OBJC_LITERAL_CONVERSION = YES;
				CLANG_WARN_OBJC_ROOT_CLASS = YES_ERROR;
				CLANG_WARN_QUOTED_INCLUDE_IN_FRAMEWORK_HEADER = YES;
				CLANG_WARN_RANGE_LOOP_ANALYSIS = YES;
				CLANG_WARN_STRICT_PROTOTYPES = YES;
				CLANG_WARN_SUSPICIOUS_MOVE = YES;
				CLANG_WARN_UNGUARDED_AVAILABILITY = YES_AGGRESSIVE;
				CLANG_WARN_UNREACHABLE_CODE = YES;
				CLANG_WARN__DUPLICATE_METHOD_MATCH = YES;
				COPY_PHASE_STRIP = NO;
				DEBUG_INFORMATION_FORMAT = dwarf;
				ENABLE_STRICT_OBJC_MSGSEND = YES;
				ENABLE_TESTABILITY = YES;
				ENABLE_USER_SCRIPT_SANDBOXING = YES;
				GCC_C_LANGUAGE_STANDARD = gnu17;
				GCC_DYNAMIC_NO_PIC = NO;
				GCC_NO_COMMON_BLOCKS = YES;
				GCC_OPTIMIZATION_LEVEL = 0;
				GCC_PREPROCESSOR_DEFINITIONS = (
					"DEBUG=1",
					"$(inherited)",
				);
				GCC_WARN_64_TO_32_BIT_CONVERSION = YES;
				GCC_WARN_ABOUT_RETURN_TYPE = YES_ERROR;
				GCC_WARN_UNDECLARED_SELECTOR = YES;
				GCC_WARN_UNINITIALIZED_AUTOS = YES_AGGRESSIVE;
				GCC_WARN_UNUSED_FUNCTION = YES;
				GCC_WARN_UNUSED_VARIABLE = YES;
				IPHONEOS_DEPLOYMENT_TARGET = 18.2;
				LOCALIZATION_PREFERS_STRING_CATALOGS = YES;
				MTL_ENABLE_DEBUG_INFO = INCLUDE_SOURCE;
				MTL_FAST_MATH = YES;
				ONLY_ACTIVE_ARCH = YES;
				SDKROOT = iphoneos;
				SWIFT_ACTIVE_COMPILATION_CONDITIONS = "DEBUG $(inherited)";
				SWIFT_OPTIMIZATION_LEVEL = "-Onone";
			};
			name = Debug;
		};
		0C4150EA2D6561BB0073DE27 /* Release */ = {
			isa = XCBuildConfiguration;
			buildSettings = {
				ALWAYS_SEARCH_USER_PATHS = NO;
				ASSETCATALOG_COMPILER_GENERATE_SWIFT_ASSET_SYMBOL_EXTENSIONS = YES;
				CLANG_ANALYZER_NONNULL = YES;
				CLANG_ANALYZER_NUMBER_OBJECT_CONVERSION = YES_AGGRESSIVE;
				CLANG_CXX_LANGUAGE_STANDARD = "gnu++20";
				CLANG_ENABLE_MODULES = YES;
				CLANG_ENABLE_OBJC_ARC = YES;
				CLANG_ENABLE_OBJC_WEAK = YES;
				CLANG_WARN_BLOCK_CAPTURE_AUTORELEASING = YES;
				CLANG_WARN_BOOL_CONVERSION = YES;
				CLANG_WARN_COMMA = YES;
				CLANG_WARN_CONSTANT_CONVERSION = YES;
				CLANG_WARN_DEPRECATED_OBJC_IMPLEMENTATIONS = YES;
				CLANG_WARN_DIRECT_OBJC_ISA_USAGE = YES_ERROR;
				CLANG_WARN_DOCUMENTATION_COMMENTS = YES;
				CLANG_WARN_EMPTY_BODY = YES;
				CLANG_WARN_ENUM_CONVERSION = YES;
				CLANG_WARN_INFINITE_RECURSION = YES;
				CLANG_WARN_INT_CONVERSION = YES;
				CLANG_WARN_NON_LITERAL_NULL_CONVERSION = YES;
				CLANG_WARN_OBJC_IMPLICIT_RETAIN_SELF = YES;
				CLANG_WARN_OBJC_LITERAL_CONVERSION = YES;
				CLANG_WARN_OBJC_ROOT_CLASS = YES_ERROR;
				CLANG_WARN_QUOTED_INCLUDE_IN_FRAMEWORK_HEADER = YES;
				CLANG_WARN_RANGE_LOOP_ANALYSIS = YES;
				CLANG_WARN_STRICT_PROTOTYPES = YES;
				CLANG_WARN_SUSPICIOUS_MOVE = YES;
				CLANG_WARN_UNGUARDED_AVAILABILITY = YES_AGGRESSIVE;
				CLANG_WARN_UNREACHABLE_CODE = YES;
				CLANG_WARN__DUPLICATE_METHOD_MATCH = YES;
				COPY_PHASE_STRIP = NO;
				DEBUG_INFORMATION_FORMAT = "dwarf-with-dsym";
				ENABLE_NS_ASSERTIONS = NO;
				ENABLE_STRICT_OBJC_MSGSEND = YES;
				ENABLE_USER_SCRIPT_SANDBOXING = YES;
				GCC_C_LANGUAGE_STANDARD = gnu17;
				GCC_NO_COMMON_BLOCKS = YES;
				GCC_WARN_64_TO_32_BIT_CONVERSION = YES;
				GCC_WARN_ABOUT_RETURN_TYPE = YES_ERROR;
				GCC_WARN_UNDECLARED_SELECTOR = YES;
				GCC_WARN_UNINITIALIZED_AUTOS = YES_AGGRESSIVE;
				GCC_WARN_UNUSED_FUNCTION = YES;
				GCC_WARN_UNUSED_VARIABLE = YES;
				IPHONEOS_DEPLOYMENT_TARGET = 18.2;
				LOCALIZATION_PREFERS_STRING_CATALOGS = YES;
				MTL_ENABLE_DEBUG_INFO = NO;
				MTL_FAST_MATH = YES;
				SDKROOT = iphoneos;
				SWIFT_COMPILATION_MODE = wholemodule;
				VALIDATE_PRODUCT = YES;
			};
			name = Release;
		};
		0C4150EC2D6561BB0073DE27 /* Debug */ = {
			isa = XCBuildConfiguration;
			buildSettings = {
				ASSETCATALOG_COMPILER_APPICON_NAME = AppIcon;
				ASSETCATALOG_COMPILER_GLOBAL_ACCENT_COLOR_NAME = AccentColor;
				CODE_SIGN_STYLE = Automatic;
				CURRENT_PROJECT_VERSION = 1;
				DEVELOPMENT_ASSET_PATHS = "\"TriviaBlasters/Preview Content\"";
				ENABLE_PREVIEWS = YES;
				GENERATE_INFOPLIST_FILE = YES;
				INFOPLIST_KEY_UIApplicationSceneManifest_Generation = YES;
				INFOPLIST_KEY_UIApplicationSupportsIndirectInputEvents = YES;
				INFOPLIST_KEY_UILaunchScreen_Generation = YES;
				INFOPLIST_KEY_UISupportedInterfaceOrientations_iPad = "UIInterfaceOrientationPortrait UIInterfaceOrientationPortraitUpsideDown UIInterfaceOrientationLandscapeLeft UIInterfaceOrientationLandscapeRight";
				INFOPLIST_KEY_UISupportedInterfaceOrientations_iPhone = "UIInterfaceOrientationPortrait UIInterfaceOrientationLandscapeLeft UIInterfaceOrientationLandscapeRight";
				LD_RUNPATH_SEARCH_PATHS = (
					"$(inherited)",
					"@executable_path/Frameworks",
				);
				MARKETING_VERSION = 1.0;
				PRODUCT_BUNDLE_IDENTIFIER = Judah.TriviaBlasters;
				PRODUCT_NAME = "$(TARGET_NAME)";
				SWIFT_EMIT_LOC_STRINGS = YES;
				SWIFT_VERSION = 5.0;
				TARGETED_DEVICE_FAMILY = "1,2";
			};
			name = Debug;
		};
		0C4150ED2D6561BB0073DE27 /* Release */ = {
			isa = XCBuildConfiguration;
			buildSettings = {
				ASSETCATALOG_COMPILER_APPICON_NAME = AppIcon;
				ASSETCATALOG_COMPILER_GLOBAL_ACCENT_COLOR_NAME = AccentColor;
				CODE_SIGN_STYLE = Automatic;
				CURRENT_PROJECT_VERSION = 1;
				DEVELOPMENT_ASSET_PATHS = "\"TriviaBlasters/Preview Content\"";
				ENABLE_PREVIEWS = YES;
				GENERATE_INFOPLIST_FILE = YES;
				INFOPLIST_KEY_UIApplicationSceneManifest_Generation = YES;
				INFOPLIST_KEY_UIApplicationSupportsIndirectInputEvents = YES;
				INFOPLIST_KEY_UILaunchScreen_Generation = YES;
				INFOPLIST_KEY_UISupportedInterfaceOrientations_iPad = "UIInterfaceOrientationPortrait UIInterfaceOrientationPortraitUpsideDown UIInterfaceOrientationLandscapeLeft UIInterfaceOrientationLandscapeRight";
				INFOPLIST_KEY_UISupportedInterfaceOrientations_iPhone = "UIInterfaceOrientationPortrait UIInterfaceOrientationLandscapeLeft UIInterfaceOrientationLandscapeRight";
				LD_RUNPATH_SEARCH_PATHS = (
					"$(inherited)",
					"@executable_path/Frameworks",
				);
				MARKETING_VERSION = 1.0;
				PRODUCT_BUNDLE_IDENTIFIER = Judah.TriviaBlasters;
				PRODUCT_NAME = "$(TARGET_NAME)";
				SWIFT_EMIT_LOC_STRINGS = YES;
				SWIFT_VERSION = 5.0;
				TARGETED_DEVICE_FAMILY = "1,2";
			};
			name = Release;
		};
		0C4150EF2D6561BB0073DE27 /* Debug */ = {
			isa = XCBuildConfiguration;
			buildSettings = {
				BUNDLE_LOADER = "$(TEST_HOST)";
				CODE_SIGN_STYLE = Automatic;
				CURRENT_PROJECT_VERSION = 1;
				GENERATE_INFOPLIST_FILE = YES;
				IPHONEOS_DEPLOYMENT_TARGET = 18.2;
				MARKETING_VERSION = 1.0;
				PRODUCT_BUNDLE_IDENTIFIER = Judah.TriviaBlastersTests;
				PRODUCT_NAME = "$(TARGET_NAME)";
				SWIFT_EMIT_LOC_STRINGS = NO;
				SWIFT_VERSION = 5.0;
				TARGETED_DEVICE_FAMILY = "1,2";
				TEST_HOST = "$(BUILT_PRODUCTS_DIR)/TriviaBlasters.app/$(BUNDLE_EXECUTABLE_FOLDER_PATH)/TriviaBlasters";
			};
			name = Debug;
		};
		0C4150F02D6561BB0073DE27 /* Release */ = {
			isa = XCBuildConfiguration;
			buildSettings = {
				BUNDLE_LOADER = "$(TEST_HOST)";
				CODE_SIGN_STYLE = Automatic;
				CURRENT_PROJECT_VERSION = 1;
				GENERATE_INFOPLIST_FILE = YES;
				IPHONEOS_DEPLOYMENT_TARGET = 18.2;
				MARKETING_VERSION = 1.0;
				PRODUCT_BUNDLE_IDENTIFIER = Judah.TriviaBlastersTests;
				PRODUCT_NAME = "$(TARGET_NAME)";
				SWIFT_EMIT_LOC_STRINGS = NO;
				SWIFT_VERSION = 5.0;
				TARGETED_DEVICE_FAMILY = "1,2";
				TEST_HOST = "$(BUILT_PRODUCTS_DIR)/TriviaBlasters.app/$(BUNDLE_EXECUTABLE_FOLDER_PATH)/TriviaBlasters";
			};
			name = Release;
		};
		0C4150F22D6561BB0073DE27 /* Debug */ = {
			isa = XCBuildConfiguration;
			buildSettings = {
				CODE_SIGN_STYLE = Automatic;
				CURRENT_PROJECT_VERSION = 1;
				GENERATE_INFOPLIST_FILE = YES;
				MARKETING_VERSION = 1.0;
				PRODUCT_BUNDLE_IDENTIFIER = Judah.TriviaBlastersUITests;
				PRODUCT_NAME = "$(TARGET_NAME)";
				SWIFT_EMIT_LOC_STRINGS = NO;
				SWIFT_VERSION = 5.0;
				TARGETED_DEVICE_FAMILY = "1,2";
				TEST_TARGET_NAME = TriviaBlasters;
			};
			name = Debug;
		};
		0C4150F32D6561BB0073DE27 /* Release */ = {
			isa = XCBuildConfiguration;
			buildSettings = {
				CODE_SIGN_STYLE = Automatic;
				CURRENT_PROJECT_VERSION = 1;
				GENERATE_INFOPLIST_FILE = YES;
				MARKETING_VERSION = 1.0;
				PRODUCT_BUNDLE_IDENTIFIER = Judah.TriviaBlastersUITests;
				PRODUCT_NAME = "$(TARGET_NAME)";
				SWIFT_EMIT_LOC_STRINGS = NO;
				SWIFT_VERSION = 5.0;
				TARGETED_DEVICE_FAMILY = "1,2";
				TEST_TARGET_NAME = TriviaBlasters;
			};
			name = Release;
		};
/* End XCBuildConfiguration section */

/* Begin XCConfigurationList section */
		0C4150C22D6561B90073DE27 /* Build configuration list for PBXProject "TriviaBlasters" */ = {
			isa = XCConfigurationList;
			buildConfigurations = (
				0C4150E92D6561BB0073DE27 /* Debug */,
				0C4150EA2D6561BB0073DE27 /* Release */,
			);
			defaultConfigurationIsVisible = 0;
			defaultConfigurationName = Release;
		};
		0C4150EB2D6561BB0073DE27 /* Build configuration list for PBXNativeTarget "TriviaBlasters" */ = {
			isa = XCConfigurationList;
			buildConfigurations = (
				0C4150EC2D6561BB0073DE27 /* Debug */,
				0C4150ED2D6561BB0073DE27 /* Release */,
			);
			defaultConfigurationIsVisible = 0;
			defaultConfigurationName = Release;
		};
		0C4150EE2D6561BB0073DE27 /* Build configuration list for PBXNativeTarget "TriviaBlastersTests" */ = {
			isa = XCConfigurationList;
			buildConfigurations = (
				0C4150EF2D6561BB0073DE27 /* Debug */,
				0C4150F02D6561BB0073DE27 /* Release */,
			);
			defaultConfigurationIsVisible = 0;
			defaultConfigurationName = Release;
		};
		0C4150F12D6561BB0073DE27 /* Build configuration list for PBXNativeTarget "TriviaBlastersUITests" */ = {
			isa = XCConfigurationList;
			buildConfigurations = (
				0C4150F22D6561BB0073DE27 /* Debug */,
				0C4150F32D6561BB0073DE27 /* Release */,
			);
			defaultConfigurationIsVisible = 0;
			defaultConfigurationName = Release;
		};
/* End XCConfigurationList section */
	};
	rootObject = 0C4150BF2D6561B90073DE27 /* Project object */;
}
